<?xml version="1.0" encoding="utf-8"?>
<Project ToolsVersion="4.0" xmlns="http://schemas.microsoft.com/developer/msbuild/2003">
  <ItemGroup>
    <Filter Include="Source Files">
      <UniqueIdentifier>{4FC737F1-C7A5-4376-A066-2A32D752A2FF}</UniqueIdentifier>
      <Extensions>cpp;c;cc;cxx;c++;cppm;ixx;def;odl;idl;hpj;bat;asm;asmx</Extensions>
    </Filter>
    <Filter Include="Header Files">
      <UniqueIdentifier>{93995380-89BD-4b04-88EB-625FBE52EBFB}</UniqueIdentifier>
      <Extensions>h;hh;hpp;hxx;h++;hm;inl;inc;ipp;xsd</Extensions>
    </Filter>
    <Filter Include="Resource Files">
      <UniqueIdentifier>{67DA6AB6-F800-4c08-8B7A-83BB121AAD01}</UniqueIdentifier>
      <Extensions>rc;ico;cur;bmp;dlg;rc2;rct;bin;rgs;gif;jpg;jpeg;jpe;resx;tiff;tif;png;wav;mfcribbon-ms</Extensions>
    </Filter>
  </ItemGroup>
  <ItemGroup>
    <ClInclude Include="Include\VSGDBCore\BreakpointTypes.h">
      <Filter>Header Files</Filter>
    </ClInclude>
    <ClInclude Include="Include\VSGDBCore\IAssembler.h">
      <Filter>Header Files</Filter>
    </ClInclude>
    <ClInclude Include="Include\VSGDBCore\IDebugSession.h">
      <Filter>Header Files</Filter>
    </ClInclude>
    <ClInclude Include="Include\VSGDBCore\IDebugTarget.h">
      <Filter>Header Files</Filter>
    </ClInclude>
    <ClInclude Include="Include\VSGDBCore\IDisassembler.h">
      <Filter>Header Files</Filter>
    </ClInclude>
    <ClInclude Include="Include\VSGDBCore\IExpressionEvaluator.h">
      <Filter>Header Files</Filter>
    </ClInclude>
    <ClInclude Include="Include\VSGDBCore\IModuleManager.h">
      <Filter>Header Files</Filter>
    </ClInclude>
    <ClInclude Include="Include\VSGDBCore\IOutputSink.h">
      <Filter>Header Files</Filter>
    </ClInclude>
    <ClInclude Include="Include\VSGDBCore\ISymbolManager.h">
      <Filter>Header Files</Filter>
    </ClInclude>
    <ClInclude Include="Include\VSGDBCore\MemoryTypes.h">
      <Filter>Header Files</Filter>
    </ClInclude>
    <ClInclude Include="Include\VSGDBCore\ModuleTypes.h">
      <Filter>Header Files</Filter>
    </ClInclude>
    <ClInclude Include="Include\VSGDBCore\RegisterContext.h">
      <Filter>Header Files</Filter>
    </ClInclude>
    <ClInclude Include="Include\VSGDBCore\Result.h">
      <Filter>Header Files</Filter>
    </ClInclude>
    <ClInclude Include="Include\VSGDBCore\SymbolTypes.h">
      <Filter>Header Files</Filter>
    </ClInclude>
    <ClInclude Include="Include\VSGDBCore\Types.h">
      <Filter>Header Files</Filter>
    </ClInclude>
    <ClInclude Include="Include\VSGDBCore\_DebugSessionConfig.h">
      <Filter>Header Files</Filter>
    </ClInclude>
    <ClInclude Include="Include\VSGDBCore\_IDebugEventSink.h">
      <Filter>Header Files</Filter>
    </ClInclude>
    <ClInclude Include="Include\VSGDBCore\NullComponents.h">
      <Filter>Header Files</Filter>
    </ClInclude>
    <ClInclude Include="Include\VSGDBCore\DebugSession.h">
      <Filter>Header Files</Filter>
    </ClInclude>
    <ClInclude Include="Include\VSGDBCore\GdbRemoteConnection.h">
      <Filter>Header Files</Filter>
    </ClInclude>
    <ClInclude Include="Source\Gdb\GdbPacket.h">
      <Filter>Header Files</Filter>
    </ClInclude>
    <ClInclude Include="Source\Gdb\GdbRegisterCodec.h">
      <Filter>Header Files</Filter>
    </ClInclude>
    <ClInclude Include="Include\VSGDBCore\GdbRemoteTarget.h">
      <Filter>Header Files</Filter>
    </ClInclude>
    <ClInclude Include="Include\VSGDBCore\ThreadTypes.h">
      <Filter>Header Files</Filter>
    </ClInclude>
    <ClInclude Include="Include\VSGDBCore\RegisterTypes.h">
      <Filter>Header Files</Filter>
    </ClInclude>
    <ClInclude Include="Source\Gdb\GdbTargetDescription.h">
      <Filter>Header Files</Filter>
    </ClInclude>
    <ClInclude Include="Include\VSGDBCore\X64Paging.h">
      <Filter>Header Files</Filter>
    </ClInclude>
    <ClInclude Include="Include\VSGDBCore\DisassemblyTypes.h">
      <Filter>Header Files</Filter>
    </ClInclude>
    <ClInclude Include="Source\Disassembly\ZydisDisassembler.h">
      <Filter>Header Files</Filter>
    </ClInclude>
    <ClInclude Include="Include\VSGDBCore\Components.h">
      <Filter>Header Files</Filter>
    </ClInclude>
    <ClInclude Include="Source\Symbols\DiaSymbolManager.h">
      <Filter>Header Files</Filter>
    </ClInclude>
    <ClInclude Include="Source\Modules\ModuleManager.h">
      <Filter>Header Files</Filter>
    </ClInclude>
  </ItemGroup>
  <ItemGroup>
    <ClCompile Include="Source\Core\DebugSession.cpp">
      <Filter>Source Files</Filter>
    </ClCompile>
    <ClCompile Include="Source\Disassembly\NullAssembler.cpp">
      <Filter>Source Files</Filter>
    </ClCompile>
    <ClCompile Include="Source\Disassembly\NullDisassembler.cpp">
      <Filter>Source Files</Filter>
    </ClCompile>
    <ClCompile Include="Source\Expressions\SimpleExpressionEvaluator.cpp">
      <Filter>Source Files</Filter>
    </ClCompile>
    <ClCompile Include="Source\Gdb\GdbPacket.cpp">
      <Filter>Source Files</Filter>
    </ClCompile>
    <ClCompile Include="Source\Gdb\GdbRegisterCodec.cpp">
      <Filter>Source Files</Filter>
    </ClCompile>
    <ClCompile Include="Source\Gdb\GdbRemoteConnection.cpp">
      <Filter>Source Files</Filter>
    </ClCompile>
    <ClCompile Include="Source\Gdb\GdbRemoteTarget.cpp">
      <Filter>Source Files</Filter>
    </ClCompile>
    <ClCompile Include="Source\Modules\ModuleManager.cpp">
      <Filter>Source Files</Filter>
    </ClCompile>
    <ClCompile Include="Source\Symbols\NullSymbolManager.cpp">
      <Filter>Source Files</Filter>
    </ClCompile>
    <ClCompile Include="Source\Targets\NullDebugTarget.cpp">
      <Filter>Source Files</Filter>
    </ClCompile>
    <ClCompile Include="Source\Gdb\GdbTargetDescription.cpp">
      <Filter>Source Files</Filter>
    </ClCompile>
    <ClCompile Include="Source\Paging\X64Paging.cpp">
      <Filter>Source Files</Filter>
    </ClCompile>
    <ClCompile Include="..\External\Zydis\Zydis.c">
      <Filter>Source Files</Filter>
    </ClCompile>
    <ClCompile Include="Source\Disassembly\ZydisDisassembler.cpp">
      <Filter>Source Files</Filter>
    </ClCompile>
    <ClCompile Include="Source\Components.cpp">
      <Filter>Source Files</Filter>
    </ClCompile>
    <ClCompile Include="Source\Symbols\DiaSymbolManager.cpp">
      <Filter>Source Files</Filter>
    </ClCompile>
  </ItemGroup>
</Project>